{
  "name": "conway_dungeon",
  "version": "0.0.1",
  "lockfileVersion": 1,
  "requires": true,
  "dependencies": {
    "@sondregj/conway": {
      "version": "1.0.1",
      "resolved": "https://registry.npmjs.org/@sondregj/conway/-/conway-1.0.1.tgz",
      "integrity": "sha512-DunlIFPe6nvc5WDfeL88sWf+149wOT+sc1i/TZFHlYLEJHFn0jnv8kolbb1LYLeLxXFcE3D8EUUKHBLfBFWm5Q=="
    }
  }
}
